# THIS IS AN AUTOGENERATED FILE. DO NOT EDIT THIS FILE DIRECTLY.
# yarn lockfile v1


"@expo/websql@^1.0.1":
  version "1.0.1"
  resolved "https://registry.yarnpkg.com/@expo/websql/-/websql-1.0.1.tgz#fff0cf9c1baa1f70f9e1d658b7c39a420d9b10a9"
  integrity sha512-H9/t1V7XXyKC343FJz/LwaVBfDhs6IqhDtSYWpt8LNSQDVjf5NvVJLc5wp+KCpRidZx8+0+YeHJN45HOXmqjFA==
  dependencies:
    argsarray "^0.0.1"
    immediate "^3.2.2"
    noop-fn "^1.0.0"
    pouchdb-collections "^1.0.1"
    tiny-queue "^0.2.1"

argsarray@^0.0.1:
  version "0.0.1"
  resolved "https://registry.yarnpkg.com/argsarray/-/argsarray-0.0.1.tgz#6e7207b4ecdb39b0af88303fa5ae22bda8df61cb"
  integrity sha512-u96dg2GcAKtpTrBdDoFIM7PjcBA+6rSP0OR94MOReNRyUECL6MtQt5XXmRr4qrftYaef9+l5hcpO5te7sML1Cg==

expo-sqlite@^11.1.1:
  version "11.1.1"
  resolved "https://registry.yarnpkg.com/expo-sqlite/-/expo-sqlite-11.1.1.tgz#476ab8ba9b9c92cb6418c2181b703f2b1ed0c77b"
  integrity sha512-93KQ4Bc4+xQF2nOZC2jcJ+d0K1ooQSEYganLukw4Sp2LuxUtBsPXYTyOeisSxQSMMaz9nHiTqag8DEC1MiB7Xw==
  dependencies:
    "@expo/websql" "^1.0.1"

immediate@^3.2.2:
  version "3.3.0"
  resolved "https://registry.yarnpkg.com/immediate/-/immediate-3.3.0.tgz#1aef225517836bcdf7f2a2de2600c79ff0269266"
  integrity sha512-HR7EVodfFUdQCTIeySw+WDRFJlPcLOJbXfwwZ7Oom6tjsvZ3bOkCDJHehQC3nxJrv7+f9XecwazynjU8e4Vw3Q==

kysely@^0.25.0:
  version "0.25.0"
  resolved "https://registry.yarnpkg.com/kysely/-/kysely-0.25.0.tgz#a1289d55035aa13c165dc06821fee2c04a1a9700"
  integrity sha512-srn0efIMu5IoEBk0tBmtGnoUss4uwvxtbFQWG/U2MosfqIace1l43IFP1PmEpHRDp+Z79xIcKEqmHH3dAvQdQA==

noop-fn@^1.0.0:
  version "1.0.0"
  resolved "https://registry.yarnpkg.com/noop-fn/-/noop-fn-1.0.0.tgz#5f33d47f13d2150df93e0cb036699e982f78ffbf"
  integrity sha512-pQ8vODlgXt2e7A3mIbFDlizkr46r75V+BJxVAyat8Jl7YmI513gG5cfyRL0FedKraoZ+VAouI1h4/IWpus5pcQ==

pouchdb-collections@^1.0.1:
  version "1.0.1"
  resolved "https://registry.yarnpkg.com/pouchdb-collections/-/pouchdb-collections-1.0.1.tgz#fe63a17da977611abef7cb8026cb1a9553fd8359"
  integrity sha512-31db6JRg4+4D5Yzc2nqsRqsA2oOkZS8DpFav3jf/qVNBxusKa2ClkEIZ2bJNpaDbMfWtnuSq59p6Bn+CipPMdg==

tiny-queue@^0.2.1:
  version "0.2.1"
  resolved "https://registry.yarnpkg.com/tiny-queue/-/tiny-queue-0.2.1.tgz#25a67f2c6e253b2ca941977b5ef7442ef97a6046"
  integrity sha512-EijGsv7kzd9I9g0ByCl6h42BWNGUZrlCSejfrb3AKeHC33SGbASu1VDf5O3rRiiUOhAC9CHdZxFPbZu0HmR70A==
